
Microsoft Visual Studio Solution File, Format Version 12.00
# Visual Studio Version 16
VisualStudioVersion = 16.0.28822.285
MinimumVisualStudioVersion = 10.0.40219.1
Project("{FAE04EC0-301F-11D3-BF4B-00C04F79EFBC}") = "ContextoEstatico", "ContextoEstatico\ContextoEstatico.csproj", "{A1AF433A-DE34-4E2B-875C-7405D0C8D32F}"
EndProject
Global
	GlobalSection(SolutionConfigurationPlatforms) = preSolution
		Debug|Any CPU = Debug|Any CPU
		Release|Any CPU = Release|Any CPU
	EndGlobalSection
	GlobalSection(ProjectConfigurationPlatforms) = postSolution
		{A1AF433A-DE34-4E2B-875C-7405D0C8D32F}.Debug|Any CPU.ActiveCfg = Debug|Any CPU
		{A1AF433A-DE34-4E2B-875C-7405D0C8D32F}.Debug|Any CPU.Build.0 = Debug|Any CPU
		{A1AF433A-DE34-4E2B-875C-7405D0C8D32F}.Release|Any CPU.ActiveCfg = Release|Any CPU
		{A1AF433A-DE34-4E2B-875C-7405D0C8D32F}.Release|Any CPU.Build.0 = Release|Any CPU
	EndGlobalSection
	GlobalSection(SolutionProperties) = preSolution
		HideSolutionNode = FALSE
	EndGlobalSection
	GlobalSection(ExtensibilityGlobals) = postSolution
		SolutionGuid = {5B122940-A0EA-47DA-B0AB-6932BAAF3BB9}
	EndGlobalSection
EndGlobal
